
Microsoft Visual Studio Solution File, Format Version 12.00
# Visual Studio 15
VisualStudioVersion = 15.0.27428.2027
MinimumVisualStudioVersion = 10.0.40219.1
Project("{FAE04EC0-301F-11D3-BF4B-00C04F79EFBC}") = "DomainModel", "DomainModel\DomainModel.csproj", "{A6B4B568-3DEC-4CB7-922C-BE156B2444D5}"
EndProject
Project("{FAE04EC0-301F-11D3-BF4B-00C04F79EFBC}") = "DomainModelTests", "DomainModelTests\DomainModelTests.csproj", "{1F6AAF44-41F7-4687-8950-554DE84B2A0C}"
EndProject
Project("{FAE04EC0-301F-11D3-BF4B-00C04F79EFBC}") = "WebApplication", "WebApplication\WebApplication.csproj", "{3960D896-4667-45B4-A032-F04290B0EE94}"
EndProject
Project("{F088123C-0E9E-452A-89E6-6BA2F21D5CAC}") = "ModelingProject", "ModelingProject\ModelingProject.modelproj", "{D7A486CE-CA87-4E27-9424-74AD9139A7B3}"
EndProject
Global
	GlobalSection(SolutionConfigurationPlatforms) = preSolution
		Debug|Any CPU = Debug|Any CPU
		Release|Any CPU = Release|Any CPU
	EndGlobalSection
	GlobalSection(ProjectConfigurationPlatforms) = postSolution
		{A6B4B568-3DEC-4CB7-922C-BE156B2444D5}.Debug|Any CPU.ActiveCfg = Debug|Any CPU
		{A6B4B568-3DEC-4CB7-922C-BE156B2444D5}.Debug|Any CPU.Build.0 = Debug|Any CPU
		{A6B4B568-3DEC-4CB7-922C-BE156B2444D5}.Release|Any CPU.ActiveCfg = Release|Any CPU
		{A6B4B568-3DEC-4CB7-922C-BE156B2444D5}.Release|Any CPU.Build.0 = Release|Any CPU
		{1F6AAF44-41F7-4687-8950-554DE84B2A0C}.Debug|Any CPU.ActiveCfg = Debug|Any CPU
		{1F6AAF44-41F7-4687-8950-554DE84B2A0C}.Debug|Any CPU.Build.0 = Debug|Any CPU
		{1F6AAF44-41F7-4687-8950-554DE84B2A0C}.Release|Any CPU.ActiveCfg = Release|Any CPU
		{1F6AAF44-41F7-4687-8950-554DE84B2A0C}.Release|Any CPU.Build.0 = Release|Any CPU
		{3960D896-4667-45B4-A032-F04290B0EE94}.Debug|Any CPU.ActiveCfg = Debug|Any CPU
		{3960D896-4667-45B4-A032-F04290B0EE94}.Debug|Any CPU.Build.0 = Debug|Any CPU
		{3960D896-4667-45B4-A032-F04290B0EE94}.Release|Any CPU.ActiveCfg = Release|Any CPU
		{3960D896-4667-45B4-A032-F04290B0EE94}.Release|Any CPU.Build.0 = Release|Any CPU
		{D7A486CE-CA87-4E27-9424-74AD9139A7B3}.Debug|Any CPU.ActiveCfg = Debug|Any CPU
		{D7A486CE-CA87-4E27-9424-74AD9139A7B3}.Debug|Any CPU.Build.0 = Debug|Any CPU
		{D7A486CE-CA87-4E27-9424-74AD9139A7B3}.Release|Any CPU.ActiveCfg = Release|Any CPU
		{D7A486CE-CA87-4E27-9424-74AD9139A7B3}.Release|Any CPU.Build.0 = Release|Any CPU
	EndGlobalSection
	GlobalSection(SolutionProperties) = preSolution
		HideSolutionNode = FALSE
	EndGlobalSection
	GlobalSection(ExtensibilityGlobals) = postSolution
		SolutionGuid = {12AA98A4-03E3-455B-B012-48B240FED237}
	EndGlobalSection
EndGlobal
